// !$*UTF8*$!
{
	archiveVersion = 1;
	classes = {
	};
	objectVersion = 55;
	objects = {

/* Begin PBXBuildFile section */
		15533CE62886218F0030C5CE /* UserMockData.json in Resources */ = {isa = PBXBuildFile; fileRef = 15533CE52886218F0030C5CE /* UserMockData.json */; };
		15533CE9288656200030C5CE /* Model.swift in Sources */ = {isa = PBXBuildFile; fileRef = 15533CE8288656200030C5CE /* Model.swift */; };
		15B46AEB2886C09D00AA00F9 /* AppointmentMockData.json in Resources */ = {isa = PBXBuildFile; fileRef = 15B46AEA2886C09D00AA00F9 /* AppointmentMockData.json */; };
		9889796228800B1100840198 /* AppDelegate.swift in Sources */ = {isa = PBXBuildFile; fileRef = 9889796128800B1100840198 /* AppDelegate.swift */; };
		9889796428800B1100840198 /* SceneDelegate.swift in Sources */ = {isa = PBXBuildFile; fileRef = 9889796328800B1100840198 /* SceneDelegate.swift */; };
		9889796628800B1100840198 /* AcceptRequestViewController.swift in Sources */ = {isa = PBXBuildFile; fileRef = 9889796528800B1100840198 /* AcceptRequestViewController.swift */; };
		9889796C28800B1100840198 /* MC3_Team8_FOX.xcdatamodeld in Sources */ = {isa = PBXBuildFile; fileRef = 9889796A28800B1100840198 /* MC3_Team8_FOX.xcdatamodeld */; };
		9889796E28800B1200840198 /* Assets.xcassets in Resources */ = {isa = PBXBuildFile; fileRef = 9889796D28800B1200840198 /* Assets.xcassets */; };
		9889797128800B1200840198 /* LaunchScreen.storyboard in Resources */ = {isa = PBXBuildFile; fileRef = 9889796F28800B1200840198 /* LaunchScreen.storyboard */; };
		9889798228800C2D00840198 /* RecentRequest.storyboard in Resources */ = {isa = PBXBuildFile; fileRef = 9889797C28800C2D00840198 /* RecentRequest.storyboard */; };
		9889798328800C2D00840198 /* RejectReason.storyboard in Resources */ = {isa = PBXBuildFile; fileRef = 9889797D28800C2D00840198 /* RejectReason.storyboard */; };
		9889798428800C2D00840198 /* CompleteRequest.storyboard in Resources */ = {isa = PBXBuildFile; fileRef = 9889797E28800C2D00840198 /* CompleteRequest.storyboard */; };
		9889798528800C2D00840198 /* WriteRequest.storyboard in Resources */ = {isa = PBXBuildFile; fileRef = 9889797F28800C2D00840198 /* WriteRequest.storyboard */; };
		9889798628800C2D00840198 /* AcceptRequest.storyboard in Resources */ = {isa = PBXBuildFile; fileRef = 9889798028800C2D00840198 /* AcceptRequest.storyboard */; };
		9889798728800C2D00840198 /* Connecting.storyboard in Resources */ = {isa = PBXBuildFile; fileRef = 9889798128800C2D00840198 /* Connecting.storyboard */; };
		9889798C28800D2600840198 /* CompleteRequestViewController.swift in Sources */ = {isa = PBXBuildFile; fileRef = 9889798B28800D2600840198 /* CompleteRequestViewController.swift */; };
		9889798E28800D2E00840198 /* ConnectingViewController.swift in Sources */ = {isa = PBXBuildFile; fileRef = 9889798D28800D2E00840198 /* ConnectingViewController.swift */; };
		9889799028800D3900840198 /* RecentRequestViewController.swift in Sources */ = {isa = PBXBuildFile; fileRef = 9889798F28800D3900840198 /* RecentRequestViewController.swift */; };
		9889799228800D4900840198 /* RejectReasonViewController.swift in Sources */ = {isa = PBXBuildFile; fileRef = 9889799128800D4900840198 /* RejectReasonViewController.swift */; };
		9889799428800D5500840198 /* WriteRequestViewController.swift in Sources */ = {isa = PBXBuildFile; fileRef = 9889799328800D5500840198 /* WriteRequestViewController.swift */; };
		9889799928800E2000840198 /* UIButtonComponent.swift in Sources */ = {isa = PBXBuildFile; fileRef = 9889799828800E2000840198 /* UIButtonComponent.swift */; };
/* End PBXBuildFile section */

/* Begin PBXFileReference section */
		15533CE52886218F0030C5CE /* UserMockData.json */ = {isa = PBXFileReference; lastKnownFileType = text.json; path = UserMockData.json; sourceTree = "<group>"; };
		15533CE8288656200030C5CE /* Model.swift */ = {isa = PBXFileReference; lastKnownFileType = sourcecode.swift; path = Model.swift; sourceTree = "<group>"; };
		15B46AEA2886C09D00AA00F9 /* AppointmentMockData.json */ = {isa = PBXFileReference; lastKnownFileType = text.json; path = AppointmentMockData.json; sourceTree = "<group>"; };
		9889795E28800B1100840198 /* MC3_Team8_FOX.app */ = {isa = PBXFileReference; explicitFileType = wrapper.application; includeInIndex = 0; path = MC3_Team8_FOX.app; sourceTree = BUILT_PRODUCTS_DIR; };
		9889796128800B1100840198 /* AppDelegate.swift */ = {isa = PBXFileReference; lastKnownFileType = sourcecode.swift; path = AppDelegate.swift; sourceTree = "<group>"; };
		9889796328800B1100840198 /* SceneDelegate.swift */ = {isa = PBXFileReference; lastKnownFileType = sourcecode.swift; path = SceneDelegate.swift; sourceTree = "<group>"; };
		9889796528800B1100840198 /* AcceptRequestViewController.swift */ = {isa = PBXFileReference; lastKnownFileType = sourcecode.swift; path = AcceptRequestViewController.swift; sourceTree = "<group>"; };
		9889796B28800B1100840198 /* MC3_Team8_FOX.xcdatamodel */ = {isa = PBXFileReference; lastKnownFileType = wrapper.xcdatamodel; path = MC3_Team8_FOX.xcdatamodel; sourceTree = "<group>"; };
		9889796D28800B1200840198 /* Assets.xcassets */ = {isa = PBXFileReference; lastKnownFileType = folder.assetcatalog; path = Assets.xcassets; sourceTree = "<group>"; };
		9889797028800B1200840198 /* Base */ = {isa = PBXFileReference; lastKnownFileType = file.storyboard; name = Base; path = Base.lproj/LaunchScreen.storyboard; sourceTree = "<group>"; };
		9889797228800B1200840198 /* Info.plist */ = {isa = PBXFileReference; lastKnownFileType = text.plist.xml; path = Info.plist; sourceTree = "<group>"; };
		9889797C28800C2D00840198 /* RecentRequest.storyboard */ = {isa = PBXFileReference; fileEncoding = 4; lastKnownFileType = file.storyboard; path = RecentRequest.storyboard; sourceTree = "<group>"; };
		9889797D28800C2D00840198 /* RejectReason.storyboard */ = {isa = PBXFileReference; fileEncoding = 4; lastKnownFileType = file.storyboard; path = RejectReason.storyboard; sourceTree = "<group>"; };
		9889797E28800C2D00840198 /* CompleteRequest.storyboard */ = {isa = PBXFileReference; fileEncoding = 4; lastKnownFileType = file.storyboard; path = CompleteRequest.storyboard; sourceTree = "<group>"; };
		9889797F28800C2D00840198 /* WriteRequest.storyboard */ = {isa = PBXFileReference; fileEncoding = 4; lastKnownFileType = file.storyboard; path = WriteRequest.storyboard; sourceTree = "<group>"; };
		9889798028800C2D00840198 /* AcceptRequest.storyboard */ = {isa = PBXFileReference; fileEncoding = 4; lastKnownFileType = file.storyboard; path = AcceptRequest.storyboard; sourceTree = "<group>"; };
		9889798128800C2D00840198 /* Connecting.storyboard */ = {isa = PBXFileReference; fileEncoding = 4; lastKnownFileType = file.storyboard; path = Connecting.storyboard; sourceTree = "<group>"; };
		9889798B28800D2600840198 /* CompleteRequestViewController.swift */ = {isa = PBXFileReference; lastKnownFileType = sourcecode.swift; path = CompleteRequestViewController.swift; sourceTree = "<group>"; };
		9889798D28800D2E00840198 /* ConnectingViewController.swift */ = {isa = PBXFileReference; lastKnownFileType = sourcecode.swift; path = ConnectingViewController.swift; sourceTree = "<group>"; };
		9889798F28800D3900840198 /* RecentRequestViewController.swift */ = {isa = PBXFileReference; lastKnownFileType = sourcecode.swift; path = RecentRequestViewController.swift; sourceTree = "<group>"; };
		9889799128800D4900840198 /* RejectReasonViewController.swift */ = {isa = PBXFileReference; lastKnownFileType = sourcecode.swift; path = RejectReasonViewController.swift; sourceTree = "<group>"; };
		9889799328800D5500840198 /* WriteRequestViewController.swift */ = {isa = PBXFileReference; lastKnownFileType = sourcecode.swift; path = WriteRequestViewController.swift; sourceTree = "<group>"; };
		9889799828800E2000840198 /* UIButtonComponent.swift */ = {isa = PBXFileReference; lastKnownFileType = sourcecode.swift; path = UIButtonComponent.swift; sourceTree = "<group>"; };
/* End PBXFileReference section */

/* Begin PBXFrameworksBuildPhase section */
		9889795B28800B1100840198 /* Frameworks */ = {
			isa = PBXFrameworksBuildPhase;
			buildActionMask = 2147483647;
			files = (
			);
			runOnlyForDeploymentPostprocessing = 0;
		};
/* End PBXFrameworksBuildPhase section */

/* Begin PBXGroup section */
		15533CE7288621950030C5CE /* Data */ = {
			isa = PBXGroup;
			children = (
				15533CE52886218F0030C5CE /* UserMockData.json */,
				15B46AEA2886C09D00AA00F9 /* AppointmentMockData.json */,
				15533CE8288656200030C5CE /* Model.swift */,
			);
			path = Data;
			sourceTree = "<group>";
		};
		9889795528800B1100840198 = {
			isa = PBXGroup;
			children = (
				9889796028800B1100840198 /* MC3_Team8_FOX */,
				9889795F28800B1100840198 /* Products */,
			);
			sourceTree = "<group>";
		};
		9889795F28800B1100840198 /* Products */ = {
			isa = PBXGroup;
			children = (
				9889795E28800B1100840198 /* MC3_Team8_FOX.app */,
			);
			name = Products;
			sourceTree = "<group>";
		};
		9889796028800B1100840198 /* MC3_Team8_FOX */ = {
			isa = PBXGroup;
			children = (
				9889797B28800BBF00840198 /* Source */,
				9889797828800BB500840198 /* Resource */,
				9889796D28800B1200840198 /* Assets.xcassets */,
				9889797228800B1200840198 /* Info.plist */,
			);
			path = MC3_Team8_FOX;
			sourceTree = "<group>";
		};
		9889797828800BB500840198 /* Resource */ = {
			isa = PBXGroup;
			children = (
				9889797A28800BBC00840198 /* Storyboard */,
			);
			path = Resource;
			sourceTree = "<group>";
		};
		9889797A28800BBC00840198 /* Storyboard */ = {
			isa = PBXGroup;
			children = (
				9889796F28800B1200840198 /* LaunchScreen.storyboard */,
				9889798028800C2D00840198 /* AcceptRequest.storyboard */,
				9889797E28800C2D00840198 /* CompleteRequest.storyboard */,
				9889798128800C2D00840198 /* Connecting.storyboard */,
				9889797C28800C2D00840198 /* RecentRequest.storyboard */,
				9889797D28800C2D00840198 /* RejectReason.storyboard */,
				9889797F28800C2D00840198 /* WriteRequest.storyboard */,
			);
			path = Storyboard;
			sourceTree = "<group>";
		};
		9889797B28800BBF00840198 /* Source */ = {
			isa = PBXGroup;
			children = (
				9889798A28800CC900840198 /* Supports */,
				9889798928800CBB00840198 /* ViewControllers */,
				9889799728800E0200840198 /* Component */,
				9889798828800CB200840198 /* Models */,
				15533CE7288621950030C5CE /* Data */,
			);
			path = Source;
			sourceTree = "<group>";
		};
		9889798828800CB200840198 /* Models */ = {
			isa = PBXGroup;
			children = (
				9889796A28800B1100840198 /* MC3_Team8_FOX.xcdatamodeld */,
			);
			path = Models;
			sourceTree = "<group>";
		};
		9889798928800CBB00840198 /* ViewControllers */ = {
			isa = PBXGroup;
			children = (
				9889796528800B1100840198 /* AcceptRequestViewController.swift */,
				9889798F28800D3900840198 /* RecentRequestViewController.swift */,
				9889798B28800D2600840198 /* CompleteRequestViewController.swift */,
				9889798D28800D2E00840198 /* ConnectingViewController.swift */,
				9889799128800D4900840198 /* RejectReasonViewController.swift */,
				9889799328800D5500840198 /* WriteRequestViewController.swift */,
			);
			path = ViewControllers;
			sourceTree = "<group>";
		};
		9889798A28800CC900840198 /* Supports */ = {
			isa = PBXGroup;
			children = (
				9889796128800B1100840198 /* AppDelegate.swift */,
				9889796328800B1100840198 /* SceneDelegate.swift */,
			);
			path = Supports;
			sourceTree = "<group>";
		};
		9889799728800E0200840198 /* Component */ = {
			isa = PBXGroup;
			children = (
				9889799828800E2000840198 /* UIButtonComponent.swift */,
			);
			path = Component;
			sourceTree = "<group>";
		};
/* End PBXGroup section */

/* Begin PBXNativeTarget section */
		9889795D28800B1100840198 /* MC3_Team8_FOX */ = {
			isa = PBXNativeTarget;
			buildConfigurationList = 9889797528800B1200840198 /* Build configuration list for PBXNativeTarget "MC3_Team8_FOX" */;
			buildPhases = (
				9889795A28800B1100840198 /* Sources */,
				9889795B28800B1100840198 /* Frameworks */,
				9889795C28800B1100840198 /* Resources */,
			);
			buildRules = (
			);
			dependencies = (
			);
			name = MC3_Team8_FOX;
			productName = MC3_Team8_FOX;
			productReference = 9889795E28800B1100840198 /* MC3_Team8_FOX.app */;
			productType = "com.apple.product-type.application";
		};
/* End PBXNativeTarget section */

/* Begin PBXProject section */
		9889795628800B1100840198 /* Project object */ = {
			isa = PBXProject;
			attributes = {
				BuildIndependentTargetsInParallel = 1;
				LastSwiftUpdateCheck = 1340;
				LastUpgradeCheck = 1340;
				TargetAttributes = {
					9889795D28800B1100840198 = {
						CreatedOnToolsVersion = 13.4.1;
					};
				};
			};
			buildConfigurationList = 9889795928800B1100840198 /* Build configuration list for PBXProject "MC3_Team8_FOX" */;
			compatibilityVersion = "Xcode 13.0";
			developmentRegion = en;
			hasScannedForEncodings = 0;
			knownRegions = (
				en,
				Base,
			);
			mainGroup = 9889795528800B1100840198;
			productRefGroup = 9889795F28800B1100840198 /* Products */;
			projectDirPath = "";
			projectRoot = "";
			targets = (
				9889795D28800B1100840198 /* MC3_Team8_FOX */,
			);
		};
/* End PBXProject section */

/* Begin PBXResourcesBuildPhase section */
		9889795C28800B1100840198 /* Resources */ = {
			isa = PBXResourcesBuildPhase;
			buildActionMask = 2147483647;
			files = (
				9889798628800C2D00840198 /* AcceptRequest.storyboard in Resources */,
				9889797128800B1200840198 /* LaunchScreen.storyboard in Resources */,
				15533CE62886218F0030C5CE /* UserMockData.json in Resources */,
				9889798728800C2D00840198 /* Connecting.storyboard in Resources */,
				9889798228800C2D00840198 /* RecentRequest.storyboard in Resources */,
				9889798328800C2D00840198 /* RejectReason.storyboard in Resources */,
				9889796E28800B1200840198 /* Assets.xcassets in Resources */,
				9889798528800C2D00840198 /* WriteRequest.storyboard in Resources */,
				9889798428800C2D00840198 /* CompleteRequest.storyboard in Resources */,
				15B46AEB2886C09D00AA00F9 /* AppointmentMockData.json in Resources */,
			);
			runOnlyForDeploymentPostprocessing = 0;
		};
/* End PBXResourcesBuildPhase section */

/* Begin PBXSourcesBuildPhase section */
		9889795A28800B1100840198 /* Sources */ = {
			isa = PBXSourcesBuildPhase;
			buildActionMask = 2147483647;
			files = (
				9889796628800B1100840198 /* AcceptRequestViewController.swift in Sources */,
				9889796228800B1100840198 /* AppDelegate.swift in Sources */,
				9889799428800D5500840198 /* WriteRequestViewController.swift in Sources */,
				9889799228800D4900840198 /* RejectReasonViewController.swift in Sources */,
				9889799028800D3900840198 /* RecentRequestViewController.swift in Sources */,
				15533CE9288656200030C5CE /* Model.swift in Sources */,
				9889796428800B1100840198 /* SceneDelegate.swift in Sources */,
				9889796C28800B1100840198 /* MC3_Team8_FOX.xcdatamodeld in Sources */,
				9889799928800E2000840198 /* UIButtonComponent.swift in Sources */,
				9889798C28800D2600840198 /* CompleteRequestViewController.swift in Sources */,
				9889798E28800D2E00840198 /* ConnectingViewController.swift in Sources */,
			);
			runOnlyForDeploymentPostprocessing = 0;
		};
/* End PBXSourcesBuildPhase section */

/* Begin PBXVariantGroup section */
		9889796F28800B1200840198 /* LaunchScreen.storyboard */ = {
			isa = PBXVariantGroup;
			children = (
				9889797028800B1200840198 /* Base */,
			);
			name = LaunchScreen.storyboard;
			sourceTree = "<group>";
		};
/* End PBXVariantGroup section */

/* Begin XCBuildConfiguration section */
		9889797328800B1200840198 /* Debug */ = {
			isa = XCBuildConfiguration;
			buildSettings = {
				ALWAYS_SEARCH_USER_PATHS = NO;
				CLANG_ANALYZER_NONNULL = YES;
				CLANG_ANALYZER_NUMBER_OBJECT_CONVERSION = YES_AGGRESSIVE;
				CLANG_CXX_LANGUAGE_STANDARD = "gnu++17";
				CLANG_ENABLE_MODULES = YES;
				CLANG_ENABLE_OBJC_ARC = YES;
				CLANG_ENABLE_OBJC_WEAK = YES;
				CLANG_WARN_BLOCK_CAPTURE_AUTORELEASING = YES;
				CLANG_WARN_BOOL_CONVERSION = YES;
				CLANG_WARN_COMMA = YES;
				CLANG_WARN_CONSTANT_CONVERSION = YES;
				CLANG_WARN_DEPRECATED_OBJC_IMPLEMENTATIONS = YES;
				CLANG_WARN_DIRECT_OBJC_ISA_USAGE = YES_ERROR;
				CLANG_WARN_DOCUMENTATION_COMMENTS = YES;
				CLANG_WARN_EMPTY_BODY = YES;
				CLANG_WARN_ENUM_CONVERSION = YES;
				CLANG_WARN_INFINITE_RECURSION = YES;
				CLANG_WARN_INT_CONVERSION = YES;
				CLANG_WARN_NON_LITERAL_NULL_CONVERSION = YES;
				CLANG_WARN_OBJC_IMPLICIT_RETAIN_SELF = YES;
				CLANG_WARN_OBJC_LITERAL_CONVERSION = YES;
				CLANG_WARN_OBJC_ROOT_CLASS = YES_ERROR;
				CLANG_WARN_QUOTED_INCLUDE_IN_FRAMEWORK_HEADER = YES;
				CLANG_WARN_RANGE_LOOP_ANALYSIS = YES;
				CLANG_WARN_STRICT_PROTOTYPES = YES;
				CLANG_WARN_SUSPICIOUS_MOVE = YES;
				CLANG_WARN_UNGUARDED_AVAILABILITY = YES_AGGRESSIVE;
				CLANG_WARN_UNREACHABLE_CODE = YES;
				CLANG_WARN__DUPLICATE_METHOD_MATCH = YES;
				COPY_PHASE_STRIP = NO;
				DEBUG_INFORMATION_FORMAT = dwarf;
				ENABLE_STRICT_OBJC_MSGSEND = YES;
				ENABLE_TESTABILITY = YES;
				GCC_C_LANGUAGE_STANDARD = gnu11;
				GCC_DYNAMIC_NO_PIC = NO;
				GCC_NO_COMMON_BLOCKS = YES;
				GCC_OPTIMIZATION_LEVEL = 0;
				GCC_PREPROCESSOR_DEFINITIONS = (
					"DEBUG=1",
					"$(inherited)",
				);
				GCC_WARN_64_TO_32_BIT_CONVERSION = YES;
				GCC_WARN_ABOUT_RETURN_TYPE = YES_ERROR;
				GCC_WARN_UNDECLARED_SELECTOR = YES;
				GCC_WARN_UNINITIALIZED_AUTOS = YES_AGGRESSIVE;
				GCC_WARN_UNUSED_FUNCTION = YES;
				GCC_WARN_UNUSED_VARIABLE = YES;
				IPHONEOS_DEPLOYMENT_TARGET = 15.5;
				MTL_ENABLE_DEBUG_INFO = INCLUDE_SOURCE;
				MTL_FAST_MATH = YES;
				ONLY_ACTIVE_ARCH = YES;
				SDKROOT = iphoneos;
				SWIFT_ACTIVE_COMPILATION_CONDITIONS = DEBUG;
				SWIFT_OPTIMIZATION_LEVEL = "-Onone";
			};
			name = Debug;
		};
		9889797428800B1200840198 /* Release */ = {
			isa = XCBuildConfiguration;
			buildSettings = {
				ALWAYS_SEARCH_USER_PATHS = NO;
				CLANG_ANALYZER_NONNULL = YES;
				CLANG_ANALYZER_NUMBER_OBJECT_CONVERSION = YES_AGGRESSIVE;
				CLANG_CXX_LANGUAGE_STANDARD = "gnu++17";
				CLANG_ENABLE_MODULES = YES;
				CLANG_ENABLE_OBJC_ARC = YES;
				CLANG_ENABLE_OBJC_WEAK = YES;
				CLANG_WARN_BLOCK_CAPTURE_AUTORELEASING = YES;
				CLANG_WARN_BOOL_CONVERSION = YES;
				CLANG_WARN_COMMA = YES;
				CLANG_WARN_CONSTANT_CONVERSION = YES;
				CLANG_WARN_DEPRECATED_OBJC_IMPLEMENTATIONS = YES;
				CLANG_WARN_DIRECT_OBJC_ISA_USAGE = YES_ERROR;
				CLANG_WARN_DOCUMENTATION_COMMENTS = YES;
				CLANG_WARN_EMPTY_BODY = YES;
				CLANG_WARN_ENUM_CONVERSION = YES;
				CLANG_WARN_INFINITE_RECURSION = YES;
				CLANG_WARN_INT_CONVERSION = YES;
				CLANG_WARN_NON_LITERAL_NULL_CONVERSION = YES;
				CLANG_WARN_OBJC_IMPLICIT_RETAIN_SELF = YES;
				CLANG_WARN_OBJC_LITERAL_CONVERSION = YES;
				CLANG_WARN_OBJC_ROOT_CLASS = YES_ERROR;
				CLANG_WARN_QUOTED_INCLUDE_IN_FRAMEWORK_HEADER = YES;
				CLANG_WARN_RANGE_LOOP_ANALYSIS = YES;
				CLANG_WARN_STRICT_PROTOTYPES = YES;
				CLANG_WARN_SUSPICIOUS_MOVE = YES;
				CLANG_WARN_UNGUARDED_AVAILABILITY = YES_AGGRESSIVE;
				CLANG_WARN_UNREACHABLE_CODE = YES;
				CLANG_WARN__DUPLICATE_METHOD_MATCH = YES;
				COPY_PHASE_STRIP = NO;
				DEBUG_INFORMATION_FORMAT = "dwarf-with-dsym";
				ENABLE_NS_ASSERTIONS = NO;
				ENABLE_STRICT_OBJC_MSGSEND = YES;
				GCC_C_LANGUAGE_STANDARD = gnu11;
				GCC_NO_COMMON_BLOCKS = YES;
				GCC_WARN_64_TO_32_BIT_CONVERSION = YES;
				GCC_WARN_ABOUT_RETURN_TYPE = YES_ERROR;
				GCC_WARN_UNDECLARED_SELECTOR = YES;
				GCC_WARN_UNINITIALIZED_AUTOS = YES_AGGRESSIVE;
				GCC_WARN_UNUSED_FUNCTION = YES;
				GCC_WARN_UNUSED_VARIABLE = YES;
				IPHONEOS_DEPLOYMENT_TARGET = 15.5;
				MTL_ENABLE_DEBUG_INFO = NO;
				MTL_FAST_MATH = YES;
				SDKROOT = iphoneos;
				SWIFT_COMPILATION_MODE = wholemodule;
				SWIFT_OPTIMIZATION_LEVEL = "-O";
				VALIDATE_PRODUCT = YES;
			};
			name = Release;
		};
		9889797628800B1200840198 /* Debug */ = {
			isa = XCBuildConfiguration;
			buildSettings = {
				ASSETCATALOG_COMPILER_APPICON_NAME = AppIcon;
				ASSETCATALOG_COMPILER_GLOBAL_ACCENT_COLOR_NAME = AccentColor;
				CODE_SIGN_STYLE = Automatic;
				CURRENT_PROJECT_VERSION = 1;
				DEVELOPMENT_TEAM = N6LML762WM;
				GENERATE_INFOPLIST_FILE = YES;
				INFOPLIST_FILE = MC3_Team8_FOX/Info.plist;
				INFOPLIST_KEY_UIApplicationSupportsIndirectInputEvents = YES;
				INFOPLIST_KEY_UILaunchStoryboardName = LaunchScreen;
				INFOPLIST_KEY_UIMainStoryboardFile = Main;
				INFOPLIST_KEY_UISupportedInterfaceOrientations_iPad = "UIInterfaceOrientationPortrait UIInterfaceOrientationPortraitUpsideDown UIInterfaceOrientationLandscapeLeft UIInterfaceOrientationLandscapeRight";
				INFOPLIST_KEY_UISupportedInterfaceOrientations_iPhone = "UIInterfaceOrientationPortrait UIInterfaceOrientationLandscapeLeft UIInterfaceOrientationLandscapeRight";
				LD_RUNPATH_SEARCH_PATHS = (
					"$(inherited)",
					"@executable_path/Frameworks",
				);
				MARKETING_VERSION = 1.0;
				PRODUCT_BUNDLE_IDENTIFIER = "Eddy.MC3-Team8-FOX";
				PRODUCT_NAME = "$(TARGET_NAME)";
				SWIFT_EMIT_LOC_STRINGS = YES;
				SWIFT_VERSION = 5.0;
				TARGETED_DEVICE_FAMILY = "1,2";
			};
			name = Debug;
		};
		9889797728800B1200840198 /* Release */ = {
			isa = XCBuildConfiguration;
			buildSettings = {
				ASSETCATALOG_COMPILER_APPICON_NAME = AppIcon;
				ASSETCATALOG_COMPILER_GLOBAL_ACCENT_COLOR_NAME = AccentColor;
				CODE_SIGN_STYLE = Automatic;
				CURRENT_PROJECT_VERSION = 1;
				DEVELOPMENT_TEAM = N6LML762WM;
				GENERATE_INFOPLIST_FILE = YES;
				INFOPLIST_FILE = MC3_Team8_FOX/Info.plist;
				INFOPLIST_KEY_UIApplicationSupportsIndirectInputEvents = YES;
				INFOPLIST_KEY_UILaunchStoryboardName = LaunchScreen;
				INFOPLIST_KEY_UIMainStoryboardFile = Main;
				INFOPLIST_KEY_UISupportedInterfaceOrientations_iPad = "UIInterfaceOrientationPortrait UIInterfaceOrientationPortraitUpsideDown UIInterfaceOrientationLandscapeLeft UIInterfaceOrientationLandscapeRight";
				INFOPLIST_KEY_UISupportedInterfaceOrientations_iPhone = "UIInterfaceOrientationPortrait UIInterfaceOrientationLandscapeLeft UIInterfaceOrientationLandscapeRight";
				LD_RUNPATH_SEARCH_PATHS = (
					"$(inherited)",
					"@executable_path/Frameworks",
				);
				MARKETING_VERSION = 1.0;
				PRODUCT_BUNDLE_IDENTIFIER = "Eddy.MC3-Team8-FOX";
				PRODUCT_NAME = "$(TARGET_NAME)";
				SWIFT_EMIT_LOC_STRINGS = YES;
				SWIFT_VERSION = 5.0;
				TARGETED_DEVICE_FAMILY = "1,2";
			};
			name = Release;
		};
/* End XCBuildConfiguration section */

/* Begin XCConfigurationList section */
		9889795928800B1100840198 /* Build configuration list for PBXProject "MC3_Team8_FOX" */ = {
			isa = XCConfigurationList;
			buildConfigurations = (
				9889797328800B1200840198 /* Debug */,
				9889797428800B1200840198 /* Release */,
			);
			defaultConfigurationIsVisible = 0;
			defaultConfigurationName = Release;
		};
		9889797528800B1200840198 /* Build configuration list for PBXNativeTarget "MC3_Team8_FOX" */ = {
			isa = XCConfigurationList;
			buildConfigurations = (
				9889797628800B1200840198 /* Debug */,
				9889797728800B1200840198 /* Release */,
			);
			defaultConfigurationIsVisible = 0;
			defaultConfigurationName = Release;
		};
/* End XCConfigurationList section */

/* Begin XCVersionGroup section */
		9889796A28800B1100840198 /* MC3_Team8_FOX.xcdatamodeld */ = {
			isa = XCVersionGroup;
			children = (
				9889796B28800B1100840198 /* MC3_Team8_FOX.xcdatamodel */,
			);
			currentVersion = 9889796B28800B1100840198 /* MC3_Team8_FOX.xcdatamodel */;
			path = MC3_Team8_FOX.xcdatamodeld;
			sourceTree = "<group>";
			versionGroupType = wrapper.xcdatamodel;
		};
/* End XCVersionGroup section */
	};
	rootObject = 9889795628800B1100840198 /* Project object */;
}
